// !$*UTF8*$!
{
	archiveVersion = 1;
	classes = {
	};
	objectVersion = 46;
	objects = {

/* Begin PBXBuildFile section */
		8005605ACAC1223702C37698 /* libPods.a in Frameworks */ = {isa = PBXBuildFile; fileRef = BB462780CFD1A48FC9BC2EB0 /* libPods.a */; };
		AA26BD831C95C16D00DDBD9B /* books.txt in Resources */ = {isa = PBXBuildFile; fileRef = AA26BD821C95C16D00DDBD9B /* books.txt */; };
		AA26BD861C95C5EB00DDBD9B /* Book.m in Sources */ = {isa = PBXBuildFile; fileRef = AA26BD851C95C5EB00DDBD9B /* Book.m */; };
		AA26BD891C95C6F900DDBD9B /* BooksTableViewController.m in Sources */ = {isa = PBXBuildFile; fileRef = AA26BD881C95C6F900DDBD9B /* BooksTableViewController.m */; };
		AA2C9D411C94884400D0B172 /* main.m in Sources */ = {isa = PBXBuildFile; fileRef = AA2C9D401C94884400D0B172 /* main.m */; };
		AA2C9D441C94884400D0B172 /* AppDelegate.m in Sources */ = {isa = PBXBuildFile; fileRef = AA2C9D431C94884400D0B172 /* AppDelegate.m */; };
		AA2C9D471C94884400D0B172 /* TableViewController.m in Sources */ = {isa = PBXBuildFile; fileRef = AA2C9D461C94884400D0B172 /* TableViewController.m */; };
		AA2C9D4A1C94884400D0B172 /* Main.storyboard in Resources */ = {isa = PBXBuildFile; fileRef = AA2C9D481C94884400D0B172 /* Main.storyboard */; };
		AA2C9D4C1C94884400D0B172 /* Assets.xcassets in Resources */ = {isa = PBXBuildFile; fileRef = AA2C9D4B1C94884400D0B172 /* Assets.xcassets */; };
		AA2C9D4F1C94884400D0B172 /* LaunchScreen.storyboard in Resources */ = {isa = PBXBuildFile; fileRef = AA2C9D4D1C94884400D0B172 /* LaunchScreen.storyboard */; };
		AA2C9D581C948E5B00D0B172 /* DatabaseWorker.m in Sources */ = {isa = PBXBuildFile; fileRef = AA2C9D571C948E5B00D0B172 /* DatabaseWorker.m */; };
		AA2C9D5A1C949A3D00D0B172 /* names.txt in Resources */ = {isa = PBXBuildFile; fileRef = AA2C9D591C949A3D00D0B172 /* names.txt */; };
		AA2C9D5D1C94B5DD00D0B172 /* User.m in Sources */ = {isa = PBXBuildFile; fileRef = AA2C9D5C1C94B5DD00D0B172 /* User.m */; };
		AA9E63071C9F08690090108F /* CoreDataWorker.m in Sources */ = {isa = PBXBuildFile; fileRef = AA9E63061C9F08690090108F /* CoreDataWorker.m */; };
		AA9E630B1C9F096E0090108F /* Lesson17.xcdatamodeld in Sources */ = {isa = PBXBuildFile; fileRef = AA9E63091C9F096E0090108F /* Lesson17.xcdatamodeld */; };
		AA9E63141C9F0A420090108F /* CDBook+CoreDataProperties.m in Sources */ = {isa = PBXBuildFile; fileRef = AA9E630D1C9F0A420090108F /* CDBook+CoreDataProperties.m */; };
		AA9E63151C9F0A420090108F /* CDBook.m in Sources */ = {isa = PBXBuildFile; fileRef = AA9E630F1C9F0A420090108F /* CDBook.m */; };
		AA9E63161C9F0A420090108F /* CDUser+CoreDataProperties.m in Sources */ = {isa = PBXBuildFile; fileRef = AA9E63111C9F0A420090108F /* CDUser+CoreDataProperties.m */; };
		AA9E63171C9F0A420090108F /* CDUser.m in Sources */ = {isa = PBXBuildFile; fileRef = AA9E63131C9F0A420090108F /* CDUser.m */; };
/* End PBXBuildFile section */

/* Begin PBXFileReference section */
		79B9A54E1C3F6933AD18A8D6 /* Pods.release.xcconfig */ = {isa = PBXFileReference; includeInIndex = 1; lastKnownFileType = text.xcconfig; name = Pods.release.xcconfig; path = "Pods/Target Support Files/Pods/Pods.release.xcconfig"; sourceTree = "<group>"; };
		AA26BD821C95C16D00DDBD9B /* books.txt */ = {isa = PBXFileReference; fileEncoding = 4; lastKnownFileType = text; path = books.txt; sourceTree = SOURCE_ROOT; };
		AA26BD841C95C5EB00DDBD9B /* Book.h */ = {isa = PBXFileReference; fileEncoding = 4; lastKnownFileType = sourcecode.c.h; path = Book.h; sourceTree = "<group>"; };
		AA26BD851C95C5EB00DDBD9B /* Book.m */ = {isa = PBXFileReference; fileEncoding = 4; lastKnownFileType = sourcecode.c.objc; path = Book.m; sourceTree = "<group>"; };
		AA26BD871C95C6F900DDBD9B /* BooksTableViewController.h */ = {isa = PBXFileReference; fileEncoding = 4; lastKnownFileType = sourcecode.c.h; path = BooksTableViewController.h; sourceTree = "<group>"; };
		AA26BD881C95C6F900DDBD9B /* BooksTableViewController.m */ = {isa = PBXFileReference; fileEncoding = 4; lastKnownFileType = sourcecode.c.objc; path = BooksTableViewController.m; sourceTree = "<group>"; };
		AA2C9D3C1C94884400D0B172 /* Lesson17.app */ = {isa = PBXFileReference; explicitFileType = wrapper.application; includeInIndex = 0; path = Lesson17.app; sourceTree = BUILT_PRODUCTS_DIR; };
		AA2C9D401C94884400D0B172 /* main.m */ = {isa = PBXFileReference; lastKnownFileType = sourcecode.c.objc; path = main.m; sourceTree = "<group>"; };
		AA2C9D421C94884400D0B172 /* AppDelegate.h */ = {isa = PBXFileReference; lastKnownFileType = sourcecode.c.h; path = AppDelegate.h; sourceTree = "<group>"; };
		AA2C9D431C94884400D0B172 /* AppDelegate.m */ = {isa = PBXFileReference; lastKnownFileType = sourcecode.c.objc; path = AppDelegate.m; sourceTree = "<group>"; };
		AA2C9D451C94884400D0B172 /* TableViewController.h */ = {isa = PBXFileReference; lastKnownFileType = sourcecode.c.h; path = TableViewController.h; sourceTree = "<group>"; };
		AA2C9D461C94884400D0B172 /* TableViewController.m */ = {isa = PBXFileReference; lastKnownFileType = sourcecode.c.objc; path = TableViewController.m; sourceTree = "<group>"; };
		AA2C9D491C94884400D0B172 /* Base */ = {isa = PBXFileReference; lastKnownFileType = file.storyboard; name = Base; path = Base.lproj/Main.storyboard; sourceTree = "<group>"; };
		AA2C9D4B1C94884400D0B172 /* Assets.xcassets */ = {isa = PBXFileReference; lastKnownFileType = folder.assetcatalog; path = Assets.xcassets; sourceTree = "<group>"; };
		AA2C9D4E1C94884400D0B172 /* Base */ = {isa = PBXFileReference; lastKnownFileType = file.storyboard; name = Base; path = Base.lproj/LaunchScreen.storyboard; sourceTree = "<group>"; };
		AA2C9D501C94884400D0B172 /* Info.plist */ = {isa = PBXFileReference; lastKnownFileType = text.plist.xml; path = Info.plist; sourceTree = "<group>"; };
		AA2C9D561C948E5B00D0B172 /* DatabaseWorker.h */ = {isa = PBXFileReference; fileEncoding = 4; lastKnownFileType = sourcecode.c.h; path = DatabaseWorker.h; sourceTree = "<group>"; };
		AA2C9D571C948E5B00D0B172 /* DatabaseWorker.m */ = {isa = PBXFileReference; fileEncoding = 4; lastKnownFileType = sourcecode.c.objc; path = DatabaseWorker.m; sourceTree = "<group>"; };
		AA2C9D591C949A3D00D0B172 /* names.txt */ = {isa = PBXFileReference; fileEncoding = 4; lastKnownFileType = text; path = names.txt; sourceTree = SOURCE_ROOT; };
		AA2C9D5B1C94B5DD00D0B172 /* User.h */ = {isa = PBXFileReference; fileEncoding = 4; lastKnownFileType = sourcecode.c.h; path = User.h; sourceTree = "<group>"; };
		AA2C9D5C1C94B5DD00D0B172 /* User.m */ = {isa = PBXFileReference; fileEncoding = 4; lastKnownFileType = sourcecode.c.objc; path = User.m; sourceTree = "<group>"; };
		AA9E63051C9F08690090108F /* CoreDataWorker.h */ = {isa = PBXFileReference; fileEncoding = 4; lastKnownFileType = sourcecode.c.h; path = CoreDataWorker.h; sourceTree = "<group>"; };
		AA9E63061C9F08690090108F /* CoreDataWorker.m */ = {isa = PBXFileReference; fileEncoding = 4; lastKnownFileType = sourcecode.c.objc; path = CoreDataWorker.m; sourceTree = "<group>"; };
		AA9E630A1C9F096E0090108F /* Lesson17.xcdatamodel */ = {isa = PBXFileReference; lastKnownFileType = wrapper.xcdatamodel; path = Lesson17.xcdatamodel; sourceTree = "<group>"; };
		AA9E630C1C9F0A420090108F /* CDBook+CoreDataProperties.h */ = {isa = PBXFileReference; fileEncoding = 4; lastKnownFileType = sourcecode.c.h; path = "CDBook+CoreDataProperties.h"; sourceTree = "<group>"; };
		AA9E630D1C9F0A420090108F /* CDBook+CoreDataProperties.m */ = {isa = PBXFileReference; fileEncoding = 4; lastKnownFileType = sourcecode.c.objc; path = "CDBook+CoreDataProperties.m"; sourceTree = "<group>"; };
		AA9E630E1C9F0A420090108F /* CDBook.h */ = {isa = PBXFileReference; fileEncoding = 4; lastKnownFileType = sourcecode.c.h; path = CDBook.h; sourceTree = "<group>"; };
		AA9E630F1C9F0A420090108F /* CDBook.m */ = {isa = PBXFileReference; fileEncoding = 4; lastKnownFileType = sourcecode.c.objc; path = CDBook.m; sourceTree = "<group>"; };
		AA9E63101C9F0A420090108F /* CDUser+CoreDataProperties.h */ = {isa = PBXFileReference; fileEncoding = 4; lastKnownFileType = sourcecode.c.h; path = "CDUser+CoreDataProperties.h"; sourceTree = "<group>"; };
		AA9E63111C9F0A420090108F /* CDUser+CoreDataProperties.m */ = {isa = PBXFileReference; fileEncoding = 4; lastKnownFileType = sourcecode.c.objc; path = "CDUser+CoreDataProperties.m"; sourceTree = "<group>"; };
		AA9E63121C9F0A420090108F /* CDUser.h */ = {isa = PBXFileReference; fileEncoding = 4; lastKnownFileType = sourcecode.c.h; path = CDUser.h; sourceTree = "<group>"; };
		AA9E63131C9F0A420090108F /* CDUser.m */ = {isa = PBXFileReference; fileEncoding = 4; lastKnownFileType = sourcecode.c.objc; path = CDUser.m; sourceTree = "<group>"; };
		AA9E633E1C9F16CF0090108F /* Protocols.h */ = {isa = PBXFileReference; lastKnownFileType = sourcecode.c.h; path = Protocols.h; sourceTree = "<group>"; };
		BB462780CFD1A48FC9BC2EB0 /* libPods.a */ = {isa = PBXFileReference; explicitFileType = archive.ar; includeInIndex = 0; path = libPods.a; sourceTree = BUILT_PRODUCTS_DIR; };
		DE68803D36838671DE92F635 /* Pods.debug.xcconfig */ = {isa = PBXFileReference; includeInIndex = 1; lastKnownFileType = text.xcconfig; name = Pods.debug.xcconfig; path = "Pods/Target Support Files/Pods/Pods.debug.xcconfig"; sourceTree = "<group>"; };
/* End PBXFileReference section */

/* Begin PBXFrameworksBuildPhase section */
		AA2C9D391C94884400D0B172 /* Frameworks */ = {
			isa = PBXFrameworksBuildPhase;
			buildActionMask = 2147483647;
			files = (
				8005605ACAC1223702C37698 /* libPods.a in Frameworks */,
			);
			runOnlyForDeploymentPostprocessing = 0;
		};
/* End PBXFrameworksBuildPhase section */

/* Begin PBXGroup section */
		04035BB45A859F0A01F87AB2 /* Frameworks */ = {
			isa = PBXGroup;
			children = (
				BB462780CFD1A48FC9BC2EB0 /* libPods.a */,
			);
			name = Frameworks;
			sourceTree = "<group>";
		};
		312270E7F3CC76D8E47720E8 /* Pods */ = {
			isa = PBXGroup;
			children = (
				DE68803D36838671DE92F635 /* Pods.debug.xcconfig */,
				79B9A54E1C3F6933AD18A8D6 /* Pods.release.xcconfig */,
			);
			name = Pods;
			sourceTree = "<group>";
		};
		AA26BD8A1C95D10500DDBD9B /* Resources */ = {
			isa = PBXGroup;
			children = (
				AA2C9D4B1C94884400D0B172 /* Assets.xcassets */,
				AA2C9D4D1C94884400D0B172 /* LaunchScreen.storyboard */,
				AA26BD821C95C16D00DDBD9B /* books.txt */,
				AA2C9D591C949A3D00D0B172 /* names.txt */,
			);
			name = Resources;
			sourceTree = "<group>";
		};
		AA26BD8B1C95D12200DDBD9B /* Model */ = {
			isa = PBXGroup;
			children = (
				AA9E633E1C9F16CF0090108F /* Protocols.h */,
				AA9E63041C9F08510090108F /* FMDB */,
				AA9E63081C9F09560090108F /* CoreData */,
			);
			name = Model;
			sourceTree = "<group>";
		};
		AA26BD8C1C95D13000DDBD9B /* Controller */ = {
			isa = PBXGroup;
			children = (
				AA2C9D451C94884400D0B172 /* TableViewController.h */,
				AA2C9D461C94884400D0B172 /* TableViewController.m */,
				AA26BD871C95C6F900DDBD9B /* BooksTableViewController.h */,
				AA26BD881C95C6F900DDBD9B /* BooksTableViewController.m */,
			);
			name = Controller;
			sourceTree = "<group>";
		};
		AA2C9D331C94884400D0B172 = {
			isa = PBXGroup;
			children = (
				AA2C9D3E1C94884400D0B172 /* Lesson17 */,
				AA2C9D3D1C94884400D0B172 /* Products */,
				312270E7F3CC76D8E47720E8 /* Pods */,
				04035BB45A859F0A01F87AB2 /* Frameworks */,
			);
			sourceTree = "<group>";
		};
		AA2C9D3D1C94884400D0B172 /* Products */ = {
			isa = PBXGroup;
			children = (
				AA2C9D3C1C94884400D0B172 /* Lesson17.app */,
			);
			name = Products;
			sourceTree = "<group>";
		};
		AA2C9D3E1C94884400D0B172 /* Lesson17 */ = {
			isa = PBXGroup;
			children = (
				AA2C9D481C94884400D0B172 /* Main.storyboard */,
				AA26BD8B1C95D12200DDBD9B /* Model */,
				AA26BD8C1C95D13000DDBD9B /* Controller */,
				AA26BD8A1C95D10500DDBD9B /* Resources */,
				AA2C9D3F1C94884400D0B172 /* Supporting Files */,
			);
			path = Lesson17;
			sourceTree = "<group>";
		};
		AA2C9D3F1C94884400D0B172 /* Supporting Files */ = {
			isa = PBXGroup;
			children = (
				AA2C9D501C94884400D0B172 /* Info.plist */,
				AA2C9D421C94884400D0B172 /* AppDelegate.h */,
				AA2C9D431C94884400D0B172 /* AppDelegate.m */,
				AA2C9D401C94884400D0B172 /* main.m */,
			);
			name = "Supporting Files";
			sourceTree = "<group>";
		};
		AA9E63041C9F08510090108F /* FMDB */ = {
			isa = PBXGroup;
			children = (
				AA2C9D5B1C94B5DD00D0B172 /* User.h */,
				AA2C9D5C1C94B5DD00D0B172 /* User.m */,
				AA26BD841C95C5EB00DDBD9B /* Book.h */,
				AA26BD851C95C5EB00DDBD9B /* Book.m */,
				AA2C9D561C948E5B00D0B172 /* DatabaseWorker.h */,
				AA2C9D571C948E5B00D0B172 /* DatabaseWorker.m */,
			);
			name = FMDB;
			sourceTree = "<group>";
		};
		AA9E63081C9F09560090108F /* CoreData */ = {
			isa = PBXGroup;
			children = (
				AA9E63121C9F0A420090108F /* CDUser.h */,
				AA9E63131C9F0A420090108F /* CDUser.m */,
				AA9E63101C9F0A420090108F /* CDUser+CoreDataProperties.h */,
				AA9E63111C9F0A420090108F /* CDUser+CoreDataProperties.m */,
				AA9E630E1C9F0A420090108F /* CDBook.h */,
				AA9E630F1C9F0A420090108F /* CDBook.m */,
				AA9E630C1C9F0A420090108F /* CDBook+CoreDataProperties.h */,
				AA9E630D1C9F0A420090108F /* CDBook+CoreDataProperties.m */,
				AA9E63051C9F08690090108F /* CoreDataWorker.h */,
				AA9E63061C9F08690090108F /* CoreDataWorker.m */,
				AA9E63091C9F096E0090108F /* Lesson17.xcdatamodeld */,
			);
			name = CoreData;
			sourceTree = "<group>";
		};
/* End PBXGroup section */

/* Begin PBXNativeTarget section */
		AA2C9D3B1C94884400D0B172 /* Lesson17 */ = {
			isa = PBXNativeTarget;
			buildConfigurationList = AA2C9D531C94884400D0B172 /* Build configuration list for PBXNativeTarget "Lesson17" */;
			buildPhases = (
				DC5CE2DE1BBC68D00BCFC5BA /* Check Pods Manifest.lock */,
				AA2C9D381C94884400D0B172 /* Sources */,
				AA2C9D391C94884400D0B172 /* Frameworks */,
				AA2C9D3A1C94884400D0B172 /* Resources */,
				F9D83662972C86CC509B1CD0 /* Embed Pods Frameworks */,
				EB6C26B83089B7772DB566CD /* Copy Pods Resources */,
			);
			buildRules = (
			);
			dependencies = (
			);
			name = Lesson17;
			productName = Lesson17;
			productReference = AA2C9D3C1C94884400D0B172 /* Lesson17.app */;
			productType = "com.apple.product-type.application";
		};
/* End PBXNativeTarget section */

/* Begin PBXProject section */
		AA2C9D341C94884400D0B172 /* Project object */ = {
			isa = PBXProject;
			attributes = {
				LastUpgradeCheck = 0730;
				ORGANIZATIONNAME = "Azat Almeev";
				TargetAttributes = {
					AA2C9D3B1C94884400D0B172 = {
						CreatedOnToolsVersion = 7.3;
					};
				};
			};
			buildConfigurationList = AA2C9D371C94884400D0B172 /* Build configuration list for PBXProject "Lesson17" */;
			compatibilityVersion = "Xcode 3.2";
			developmentRegion = English;
			hasScannedForEncodings = 0;
			knownRegions = (
				en,
				Base,
			);
			mainGroup = AA2C9D331C94884400D0B172;
			productRefGroup = AA2C9D3D1C94884400D0B172 /* Products */;
			projectDirPath = "";
			projectRoot = "";
			targets = (
				AA2C9D3B1C94884400D0B172 /* Lesson17 */,
			);
		};
/* End PBXProject section */

/* Begin PBXResourcesBuildPhase section */
		AA2C9D3A1C94884400D0B172 /* Resources */ = {
			isa = PBXResourcesBuildPhase;
			buildActionMask = 2147483647;
			files = (
				AA26BD831C95C16D00DDBD9B /* books.txt in Resources */,
				AA2C9D4F1C94884400D0B172 /* LaunchScreen.storyboard in Resources */,
				AA2C9D4C1C94884400D0B172 /* Assets.xcassets in Resources */,
				AA2C9D4A1C94884400D0B172 /* Main.storyboard in Resources */,
				AA2C9D5A1C949A3D00D0B172 /* names.txt in Resources */,
			);
			runOnlyForDeploymentPostprocessing = 0;
		};
/* End PBXResourcesBuildPhase section */

/* Begin PBXShellScriptBuildPhase section */
		DC5CE2DE1BBC68D00BCFC5BA /* Check Pods Manifest.lock */ = {
			isa = PBXShellScriptBuildPhase;
			buildActionMask = 2147483647;
			files = (
			);
			inputPaths = (
			);
			name = "Check Pods Manifest.lock";
			outputPaths = (
			);
			runOnlyForDeploymentPostprocessing = 0;
			shellPath = /bin/sh;
			shellScript = "diff \"${PODS_ROOT}/../Podfile.lock\" \"${PODS_ROOT}/Manifest.lock\" > /dev/null\nif [[ $? != 0 ]] ; then\n    cat << EOM\nerror: The sandbox is not in sync with the Podfile.lock. Run 'pod install' or update your CocoaPods installation.\nEOM\n    exit 1\nfi\n";
			showEnvVarsInLog = 0;
		};
		EB6C26B83089B7772DB566CD /* Copy Pods Resources */ = {
			isa = PBXShellScriptBuildPhase;
			buildActionMask = 2147483647;
			files = (
			);
			inputPaths = (
			);
			name = "Copy Pods Resources";
			outputPaths = (
			);
			runOnlyForDeploymentPostprocessing = 0;
			shellPath = /bin/sh;
			shellScript = "\"${SRCROOT}/Pods/Target Support Files/Pods/Pods-resources.sh\"\n";
			showEnvVarsInLog = 0;
		};
		F9D83662972C86CC509B1CD0 /* Embed Pods Frameworks */ = {
			isa = PBXShellScriptBuildPhase;
			buildActionMask = 2147483647;
			files = (
			);
			inputPaths = (
			);
			name = "Embed Pods Frameworks";
			outputPaths = (
			);
			runOnlyForDeploymentPostprocessing = 0;
			shellPath = /bin/sh;
			shellScript = "\"${SRCROOT}/Pods/Target Support Files/Pods/Pods-frameworks.sh\"\n";
			showEnvVarsInLog = 0;
		};
/* End PBXShellScriptBuildPhase section */

/* Begin PBXSourcesBuildPhase section */
		AA2C9D381C94884400D0B172 /* Sources */ = {
			isa = PBXSourcesBuildPhase;
			buildActionMask = 2147483647;
			files = (
				AA9E63071C9F08690090108F /* CoreDataWorker.m in Sources */,
				AA2C9D5D1C94B5DD00D0B172 /* User.m in Sources */,
				AA2C9D471C94884400D0B172 /* TableViewController.m in Sources */,
				AA9E630B1C9F096E0090108F /* Lesson17.xcdatamodeld in Sources */,
				AA9E63171C9F0A420090108F /* CDUser.m in Sources */,
				AA2C9D441C94884400D0B172 /* AppDelegate.m in Sources */,
				AA2C9D581C948E5B00D0B172 /* DatabaseWorker.m in Sources */,
				AA9E63151C9F0A420090108F /* CDBook.m in Sources */,
				AA26BD861C95C5EB00DDBD9B /* Book.m in Sources */,
				AA2C9D411C94884400D0B172 /* main.m in Sources */,
				AA26BD891C95C6F900DDBD9B /* BooksTableViewController.m in Sources */,
				AA9E63141C9F0A420090108F /* CDBook+CoreDataProperties.m in Sources */,
				AA9E63161C9F0A420090108F /* CDUser+CoreDataProperties.m in Sources */,
			);
			runOnlyForDeploymentPostprocessing = 0;
		};
/* End PBXSourcesBuildPhase section */

/* Begin PBXVariantGroup section */
		AA2C9D481C94884400D0B172 /* Main.storyboard */ = {
			isa = PBXVariantGroup;
			children = (
				AA2C9D491C94884400D0B172 /* Base */,
			);
			name = Main.storyboard;
			sourceTree = "<group>";
		};
		AA2C9D4D1C94884400D0B172 /* LaunchScreen.storyboard */ = {
			isa = PBXVariantGroup;
			children = (
				AA2C9D4E1C94884400D0B172 /* Base */,
			);
			name = LaunchScreen.storyboard;
			sourceTree = "<group>";
		};
/* End PBXVariantGroup section */

/* Begin XCBuildConfiguration section */
		AA2C9D511C94884400D0B172 /* Debug */ = {
			isa = XCBuildConfiguration;
			buildSettings = {
				ALWAYS_SEARCH_USER_PATHS = NO;
				CLANG_ANALYZER_NONNULL = YES;
				CLANG_CXX_LANGUAGE_STANDARD = "gnu++0x";
				CLANG_CXX_LIBRARY = "libc++";
				CLANG_ENABLE_MODULES = YES;
				CLANG_ENABLE_OBJC_ARC = YES;
				CLANG_WARN_BOOL_CONVERSION = YES;
				CLANG_WARN_CONSTANT_CONVERSION = YES;
				CLANG_WARN_DIRECT_OBJC_ISA_USAGE = YES_ERROR;
				CLANG_WARN_EMPTY_BODY = YES;
				CLANG_WARN_ENUM_CONVERSION = YES;
				CLANG_WARN_INT_CONVERSION = YES;
				CLANG_WARN_OBJC_ROOT_CLASS = YES_ERROR;
				CLANG_WARN_UNREACHABLE_CODE = YES;
				CLANG_WARN__DUPLICATE_METHOD_MATCH = YES;
				"CODE_SIGN_IDENTITY[sdk=iphoneos*]" = "iPhone Developer";
				COPY_PHASE_STRIP = NO;
				DEBUG_INFORMATION_FORMAT = dwarf;
				ENABLE_STRICT_OBJC_MSGSEND = YES;
				ENABLE_TESTABILITY = YES;
				GCC_C_LANGUAGE_STANDARD = gnu99;
				GCC_DYNAMIC_NO_PIC = NO;
				GCC_NO_COMMON_BLOCKS = YES;
				GCC_OPTIMIZATION_LEVEL = 0;
				GCC_PREPROCESSOR_DEFINITIONS = (
					"DEBUG=1",
					"$(inherited)",
				);
				GCC_WARN_64_TO_32_BIT_CONVERSION = YES;
				GCC_WARN_ABOUT_RETURN_TYPE = YES_ERROR;
				GCC_WARN_UNDECLARED_SELECTOR = YES;
				GCC_WARN_UNINITIALIZED_AUTOS = YES_AGGRESSIVE;
				GCC_WARN_UNUSED_FUNCTION = YES;
				GCC_WARN_UNUSED_VARIABLE = YES;
				IPHONEOS_DEPLOYMENT_TARGET = 9.3;
				MTL_ENABLE_DEBUG_INFO = YES;
				ONLY_ACTIVE_ARCH = YES;
				SDKROOT = iphoneos;
				TARGETED_DEVICE_FAMILY = "1,2";
			};
			name = Debug;
		};
		AA2C9D521C94884400D0B172 /* Release */ = {
			isa = XCBuildConfiguration;
			buildSettings = {
				ALWAYS_SEARCH_USER_PATHS = NO;
				CLANG_ANALYZER_NONNULL = YES;
				CLANG_CXX_LANGUAGE_STANDARD = "gnu++0x";
				CLANG_CXX_LIBRARY = "libc++";
				CLANG_ENABLE_MODULES = YES;
				CLANG_ENABLE_OBJC_ARC = YES;
				CLANG_WARN_BOOL_CONVERSION = YES;
				CLANG_WARN_CONSTANT_CONVERSION = YES;
				CLANG_WARN_DIRECT_OBJC_ISA_USAGE = YES_ERROR;
				CLANG_WARN_EMPTY_BODY = YES;
				CLANG_WARN_ENUM_CONVERSION = YES;
				CLANG_WARN_INT_CONVERSION = YES;
				CLANG_WARN_OBJC_ROOT_CLASS = YES_ERROR;
				CLANG_WARN_UNREACHABLE_CODE = YES;
				CLANG_WARN__DUPLICATE_METHOD_MATCH = YES;
				"CODE_SIGN_IDENTITY[sdk=iphoneos*]" = "iPhone Developer";
				COPY_PHASE_STRIP = NO;
				DEBUG_INFORMATION_FORMAT = "dwarf-with-dsym";
				ENABLE_NS_ASSERTIONS = NO;
				ENABLE_STRICT_OBJC_MSGSEND = YES;
				GCC_C_LANGUAGE_STANDARD = gnu99;
				GCC_NO_COMMON_BLOCKS = YES;
				GCC_WARN_64_TO_32_BIT_CONVERSION = YES;
				GCC_WARN_ABOUT_RETURN_TYPE = YES_ERROR;
				GCC_WARN_UNDECLARED_SELECTOR = YES;
				GCC_WARN_UNINITIALIZED_AUTOS = YES_AGGRESSIVE;
				GCC_WARN_UNUSED_FUNCTION = YES;
				GCC_WARN_UNUSED_VARIABLE = YES;
				IPHONEOS_DEPLOYMENT_TARGET = 9.3;
				MTL_ENABLE_DEBUG_INFO = NO;
				SDKROOT = iphoneos;
				TARGETED_DEVICE_FAMILY = "1,2";
				VALIDATE_PRODUCT = YES;
			};
			name = Release;
		};
		AA2C9D541C94884400D0B172 /* Debug */ = {
			isa = XCBuildConfiguration;
			baseConfigurationReference = DE68803D36838671DE92F635 /* Pods.debug.xcconfig */;
			buildSettings = {
				ASSETCATALOG_COMPILER_APPICON_NAME = AppIcon;
				INFOPLIST_FILE = Lesson17/Info.plist;
				LD_RUNPATH_SEARCH_PATHS = "$(inherited) @executable_path/Frameworks";
				PRODUCT_BUNDLE_IDENTIFIER = ru.azatalmeev.Lesson17;
				PRODUCT_NAME = "$(TARGET_NAME)";
			};
			name = Debug;
		};
		AA2C9D551C94884400D0B172 /* Release */ = {
			isa = XCBuildConfiguration;
			baseConfigurationReference = 79B9A54E1C3F6933AD18A8D6 /* Pods.release.xcconfig */;
			buildSettings = {
				ASSETCATALOG_COMPILER_APPICON_NAME = AppIcon;
				INFOPLIST_FILE = Lesson17/Info.plist;
				LD_RUNPATH_SEARCH_PATHS = "$(inherited) @executable_path/Frameworks";
				PRODUCT_BUNDLE_IDENTIFIER = ru.azatalmeev.Lesson17;
				PRODUCT_NAME = "$(TARGET_NAME)";
			};
			name = Release;
		};
/* End XCBuildConfiguration section */

/* Begin XCConfigurationList section */
		AA2C9D371C94884400D0B172 /* Build configuration list for PBXProject "Lesson17" */ = {
			isa = XCConfigurationList;
			buildConfigurations = (
				AA2C9D511C94884400D0B172 /* Debug */,
				AA2C9D521C94884400D0B172 /* Release */,
			);
			defaultConfigurationIsVisible = 0;
			defaultConfigurationName = Release;
		};
		AA2C9D531C94884400D0B172 /* Build configuration list for PBXNativeTarget "Lesson17" */ = {
			isa = XCConfigurationList;
			buildConfigurations = (
				AA2C9D541C94884400D0B172 /* Debug */,
				AA2C9D551C94884400D0B172 /* Release */,
			);
			defaultConfigurationIsVisible = 0;
			defaultConfigurationName = Release;
		};
/* End XCConfigurationList section */

/* Begin XCVersionGroup section */
		AA9E63091C9F096E0090108F /* Lesson17.xcdatamodeld */ = {
			isa = XCVersionGroup;
			children = (
				AA9E630A1C9F096E0090108F /* Lesson17.xcdatamodel */,
			);
			currentVersion = AA9E630A1C9F096E0090108F /* Lesson17.xcdatamodel */;
			path = Lesson17.xcdatamodeld;
			sourceTree = "<group>";
			versionGroupType = wrapper.xcdatamodel;
		};
/* End XCVersionGroup section */
	};
	rootObject = AA2C9D341C94884400D0B172 /* Project object */;
}
